
Microsoft Visual Studio Solution File, Format Version 12.00
# Visual Studio 14
VisualStudioVersion = 14.0.25123.0
MinimumVisualStudioVersion = 10.0.40219.1
Project("{8BC9CEB8-8B4A-11D0-8D11-00A0C91BC942}") = "Line", "Line\Line.vcxproj", "{64B05715-42A5-44D6-9599-617AD1906278}"
EndProject
Project("{8BC9CEB8-8B4A-11D0-8D11-00A0C91BC942}") = "Hexagon", "Hexagon\Hexagon.vcxproj", "{5AAED7C3-43C0-482B-B211-7298CEA96455}"
EndProject
Project("{8BC9CEB8-8B4A-11D0-8D11-00A0C91BC942}") = "LineGraph", "LineGraph\LineGraph.vcxproj", "{0C2C70FE-168F-4FB6-9364-1BC2A8B78533}"
EndProject
Project("{8BC9CEB8-8B4A-11D0-8D11-00A0C91BC942}") = "PieChart", "PieChart\PieChart.vcxproj", "{86D09B38-32A7-4367-8661-493D8F7F12AF}"
EndProject
Project("{8BC9CEB8-8B4A-11D0-8D11-00A0C91BC942}") = "DrawCurve", "DrawCurve\DrawCurve.vcxproj", "{CD215573-0FB6-457C-8D79-608AA22C2423}"
EndProject
Project("{8BC9CEB8-8B4A-11D0-8D11-00A0C91BC942}") = "LineStipple", "LineStipple\LineStipple.vcxproj", "{19D7B4FC-B467-4DB6-A922-CDDAEF2BAFDF}"
EndProject
Project("{8BC9CEB8-8B4A-11D0-8D11-00A0C91BC942}") = "DrawLineAlgorithm", "DrawLineAlgorithm\DrawLineAlgorithm.vcxproj", "{5AF64833-DA98-4E3B-AEDA-57CE9FF65CFB}"
EndProject
Project("{8BC9CEB8-8B4A-11D0-8D11-00A0C91BC942}") = "DrawCircleByMiddlePoint", "DrawCircleByMiddlePoint\DrawCircleByMiddlePoint.vcxproj", "{9767C276-9B86-47F7-AF9C-8FDF8CA6B747}"
EndProject
Project("{8BC9CEB8-8B4A-11D0-8D11-00A0C91BC942}") = "CompositeTransform2D", "CompositeTransform2D\CompositeTransform2D.vcxproj", "{A7701B37-5A37-4D17-AFAD-45CDFBECBEC5}"
EndProject
Global
	GlobalSection(SolutionConfigurationPlatforms) = preSolution
		Debug|x64 = Debug|x64
		Debug|x86 = Debug|x86
		Release|x64 = Release|x64
		Release|x86 = Release|x86
	EndGlobalSection
	GlobalSection(ProjectConfigurationPlatforms) = postSolution
		{64B05715-42A5-44D6-9599-617AD1906278}.Debug|x64.ActiveCfg = Debug|x64
		{64B05715-42A5-44D6-9599-617AD1906278}.Debug|x64.Build.0 = Debug|x64
		{64B05715-42A5-44D6-9599-617AD1906278}.Debug|x86.ActiveCfg = Debug|Win32
		{64B05715-42A5-44D6-9599-617AD1906278}.Debug|x86.Build.0 = Debug|Win32
		{64B05715-42A5-44D6-9599-617AD1906278}.Release|x64.ActiveCfg = Release|x64
		{64B05715-42A5-44D6-9599-617AD1906278}.Release|x64.Build.0 = Release|x64
		{64B05715-42A5-44D6-9599-617AD1906278}.Release|x86.ActiveCfg = Release|Win32
		{64B05715-42A5-44D6-9599-617AD1906278}.Release|x86.Build.0 = Release|Win32
		{5AAED7C3-43C0-482B-B211-7298CEA96455}.Debug|x64.ActiveCfg = Debug|x64
		{5AAED7C3-43C0-482B-B211-7298CEA96455}.Debug|x64.Build.0 = Debug|x64
		{5AAED7C3-43C0-482B-B211-7298CEA96455}.Debug|x86.ActiveCfg = Debug|Win32
		{5AAED7C3-43C0-482B-B211-7298CEA96455}.Debug|x86.Build.0 = Debug|Win32
		{5AAED7C3-43C0-482B-B211-7298CEA96455}.Release|x64.ActiveCfg = Release|x64
		{5AAED7C3-43C0-482B-B211-7298CEA96455}.Release|x64.Build.0 = Release|x64
		{5AAED7C3-43C0-482B-B211-7298CEA96455}.Release|x86.ActiveCfg = Release|Win32
		{5AAED7C3-43C0-482B-B211-7298CEA96455}.Release|x86.Build.0 = Release|Win32
		{0C2C70FE-168F-4FB6-9364-1BC2A8B78533}.Debug|x64.ActiveCfg = Debug|x64
		{0C2C70FE-168F-4FB6-9364-1BC2A8B78533}.Debug|x64.Build.0 = Debug|x64
		{0C2C70FE-168F-4FB6-9364-1BC2A8B78533}.Debug|x86.ActiveCfg = Debug|Win32
		{0C2C70FE-168F-4FB6-9364-1BC2A8B78533}.Debug|x86.Build.0 = Debug|Win32
		{0C2C70FE-168F-4FB6-9364-1BC2A8B78533}.Release|x64.ActiveCfg = Release|x64
		{0C2C70FE-168F-4FB6-9364-1BC2A8B78533}.Release|x64.Build.0 = Release|x64
		{0C2C70FE-168F-4FB6-9364-1BC2A8B78533}.Release|x86.ActiveCfg = Release|Win32
		{0C2C70FE-168F-4FB6-9364-1BC2A8B78533}.Release|x86.Build.0 = Release|Win32
		{86D09B38-32A7-4367-8661-493D8F7F12AF}.Debug|x64.ActiveCfg = Debug|x64
		{86D09B38-32A7-4367-8661-493D8F7F12AF}.Debug|x64.Build.0 = Debug|x64
		{86D09B38-32A7-4367-8661-493D8F7F12AF}.Debug|x86.ActiveCfg = Debug|Win32
		{86D09B38-32A7-4367-8661-493D8F7F12AF}.Debug|x86.Build.0 = Debug|Win32
		{86D09B38-32A7-4367-8661-493D8F7F12AF}.Release|x64.ActiveCfg = Release|x64
		{86D09B38-32A7-4367-8661-493D8F7F12AF}.Release|x64.Build.0 = Release|x64
		{86D09B38-32A7-4367-8661-493D8F7F12AF}.Release|x86.ActiveCfg = Release|Win32
		{86D09B38-32A7-4367-8661-493D8F7F12AF}.Release|x86.Build.0 = Release|Win32
		{CD215573-0FB6-457C-8D79-608AA22C2423}.Debug|x64.ActiveCfg = Debug|x64
		{CD215573-0FB6-457C-8D79-608AA22C2423}.Debug|x64.Build.0 = Debug|x64
		{CD215573-0FB6-457C-8D79-608AA22C2423}.Debug|x86.ActiveCfg = Debug|Win32
		{CD215573-0FB6-457C-8D79-608AA22C2423}.Debug|x86.Build.0 = Debug|Win32
		{CD215573-0FB6-457C-8D79-608AA22C2423}.Release|x64.ActiveCfg = Release|x64
		{CD215573-0FB6-457C-8D79-608AA22C2423}.Release|x64.Build.0 = Release|x64
		{CD215573-0FB6-457C-8D79-608AA22C2423}.Release|x86.ActiveCfg = Release|Win32
		{CD215573-0FB6-457C-8D79-608AA22C2423}.Release|x86.Build.0 = Release|Win32
		{19D7B4FC-B467-4DB6-A922-CDDAEF2BAFDF}.Debug|x64.ActiveCfg = Debug|x64
		{19D7B4FC-B467-4DB6-A922-CDDAEF2BAFDF}.Debug|x64.Build.0 = Debug|x64
		{19D7B4FC-B467-4DB6-A922-CDDAEF2BAFDF}.Debug|x86.ActiveCfg = Debug|Win32
		{19D7B4FC-B467-4DB6-A922-CDDAEF2BAFDF}.Debug|x86.Build.0 = Debug|Win32
		{19D7B4FC-B467-4DB6-A922-CDDAEF2BAFDF}.Release|x64.ActiveCfg = Release|x64
		{19D7B4FC-B467-4DB6-A922-CDDAEF2BAFDF}.Release|x64.Build.0 = Release|x64
		{19D7B4FC-B467-4DB6-A922-CDDAEF2BAFDF}.Release|x86.ActiveCfg = Release|Win32
		{19D7B4FC-B467-4DB6-A922-CDDAEF2BAFDF}.Release|x86.Build.0 = Release|Win32
		{5AF64833-DA98-4E3B-AEDA-57CE9FF65CFB}.Debug|x64.ActiveCfg = Debug|x64
		{5AF64833-DA98-4E3B-AEDA-57CE9FF65CFB}.Debug|x64.Build.0 = Debug|x64
		{5AF64833-DA98-4E3B-AEDA-57CE9FF65CFB}.Debug|x86.ActiveCfg = Debug|Win32
		{5AF64833-DA98-4E3B-AEDA-57CE9FF65CFB}.Debug|x86.Build.0 = Debug|Win32
		{5AF64833-DA98-4E3B-AEDA-57CE9FF65CFB}.Release|x64.ActiveCfg = Release|x64
		{5AF64833-DA98-4E3B-AEDA-57CE9FF65CFB}.Release|x64.Build.0 = Release|x64
		{5AF64833-DA98-4E3B-AEDA-57CE9FF65CFB}.Release|x86.ActiveCfg = Release|Win32
		{5AF64833-DA98-4E3B-AEDA-57CE9FF65CFB}.Release|x86.Build.0 = Release|Win32
		{9767C276-9B86-47F7-AF9C-8FDF8CA6B747}.Debug|x64.ActiveCfg = Debug|x64
		{9767C276-9B86-47F7-AF9C-8FDF8CA6B747}.Debug|x64.Build.0 = Debug|x64
		{9767C276-9B86-47F7-AF9C-8FDF8CA6B747}.Debug|x86.ActiveCfg = Debug|Win32
		{9767C276-9B86-47F7-AF9C-8FDF8CA6B747}.Debug|x86.Build.0 = Debug|Win32
		{9767C276-9B86-47F7-AF9C-8FDF8CA6B747}.Release|x64.ActiveCfg = Release|x64
		{9767C276-9B86-47F7-AF9C-8FDF8CA6B747}.Release|x64.Build.0 = Release|x64
		{9767C276-9B86-47F7-AF9C-8FDF8CA6B747}.Release|x86.ActiveCfg = Release|Win32
		{9767C276-9B86-47F7-AF9C-8FDF8CA6B747}.Release|x86.Build.0 = Release|Win32
		{A7701B37-5A37-4D17-AFAD-45CDFBECBEC5}.Debug|x64.ActiveCfg = Debug|x64
		{A7701B37-5A37-4D17-AFAD-45CDFBECBEC5}.Debug|x64.Build.0 = Debug|x64
		{A7701B37-5A37-4D17-AFAD-45CDFBECBEC5}.Debug|x86.ActiveCfg = Debug|Win32
		{A7701B37-5A37-4D17-AFAD-45CDFBECBEC5}.Debug|x86.Build.0 = Debug|Win32
		{A7701B37-5A37-4D17-AFAD-45CDFBECBEC5}.Release|x64.ActiveCfg = Release|x64
		{A7701B37-5A37-4D17-AFAD-45CDFBECBEC5}.Release|x64.Build.0 = Release|x64
		{A7701B37-5A37-4D17-AFAD-45CDFBECBEC5}.Release|x86.ActiveCfg = Release|Win32
		{A7701B37-5A37-4D17-AFAD-45CDFBECBEC5}.Release|x86.Build.0 = Release|Win32
	EndGlobalSection
	GlobalSection(SolutionProperties) = preSolution
		HideSolutionNode = FALSE
	EndGlobalSection
EndGlobal
